
Microsoft Visual Studio Solution File, Format Version 9.00
# Visual Studio 2005
Project("{F184B08F-C81C-45F6-A57F-5ABD9991F28F}") = "ExpressMaint", "ExpressMaint\ExpressMaint.vbproj", "{7ED3F2B7-873F-438E-91C1-DB40F48A252C}"
EndProject
Global
	GlobalSection(TeamFoundationVersionControl) = preSolution
		SccNumberOfProjects = 2
		SccEnterpriseProvider = {4CA58AB2-18FA-4F8D-95D4-32DDF27D184C}
		SccTeamFoundationServer = https://tfs04.codeplex.com/
		SccLocalPath0 = .
		SccProjectUniqueName1 = ExpressMaint\\ExpressMaint.vbproj
		SccProjectName1 = ExpressMaint
		SccLocalPath1 = ExpressMaint
	EndGlobalSection
	GlobalSection(SolutionConfigurationPlatforms) = preSolution
		Debug|Any CPU = Debug|Any CPU
		Release|Any CPU = Release|Any CPU
	EndGlobalSection
	GlobalSection(ProjectConfigurationPlatforms) = postSolution
		{7ED3F2B7-873F-438E-91C1-DB40F48A252C}.Debug|Any CPU.ActiveCfg = Debug|Any CPU
		{7ED3F2B7-873F-438E-91C1-DB40F48A252C}.Debug|Any CPU.Build.0 = Debug|Any CPU
		{7ED3F2B7-873F-438E-91C1-DB40F48A252C}.Release|Any CPU.ActiveCfg = Release|Any CPU
		{7ED3F2B7-873F-438E-91C1-DB40F48A252C}.Release|Any CPU.Build.0 = Release|Any CPU
	EndGlobalSection
	GlobalSection(SolutionProperties) = preSolution
		HideSolutionNode = FALSE
	EndGlobalSection
EndGlobal
